<Solution>
  <Project Path="Assembly-CSharp.csproj" />
  <Project Path="AtlasNet.Unity.csproj" />
  <Project Path="AtlasNetDemo.Editor.Tests.csproj" />
  <Project Path="AtlasNet.Unity.Editor.csproj" />
  <Project Path="Assembly-CSharp-Editor.csproj" />
  <Project Path="Unity.AtlasNet.CodeGen.csproj" />
</Solution>
